version = 1
revision = 1
requires-python = ">=3.13"

[[package]]
name = "anki-automatization"
version = "0.1.0"
source = { virtual = "." }
dependencies = [
    { name = "autopy" },
]

[package.metadata]
requires-dist = [{ name = "autopy", specifier = ">=4.0.1" }]

[[package]]
name = "autopy"
version = "4.0.1"
source = { registry = "https://pypi.org/simple" }
sdist = { url = "https://files.pythonhosted.org/packages/3b/bd/1dd1c443ef379240b8383e8b01613ecab7e6e09aa7841fddcd7f53bd7c66/autopy-4.0.1.tar.gz", hash = "sha256:9b0c131093ed23af1fa189e6d69d0804395960e7b416445ac6536dcb7a9cdfbb", size = 42185 }
wheels = [
    { url = "https://files.pythonhosted.org/packages/13/97/f94452d5e92efcf4d56baf10327a100c464f7fff98fdf13e9a40b228d9e3/autopy-4.0.1-cp313-cp313-macosx_10_12_x86_64.whl", hash = "sha256:6124c1411772168a01d2a38b0fbebd88d25f84f97a63a75623ba58ec7863969a", size = 832602 },
    { url = "https://files.pythonhosted.org/packages/3f/4d/d2b885cfb723c03e643826d09b288f3caec35b54a01a3839fb3b94b3b9d2/autopy-4.0.1-cp313-cp313-macosx_11_0_arm64.whl", hash = "sha256:fd972adb56f4204d6bda2006b95d77a1a297d9470c115ec43090bdc7eb3bad3e", size = 800416 },
    { url = "https://files.pythonhosted.org/packages/27/e4/b7c9a2471fdeb3a876e0d6b78f80084e8695c5da44da311163ebb7544420/autopy-4.0.1-cp313-cp313-manylinux_2_17_i686.manylinux2014_i686.whl", hash = "sha256:fcc39c2f6d75a51360a3a35837c73881ed346248c9a04a573d1ed9ab275654df", size = 1066661 },
    { url = "https://files.pythonhosted.org/packages/db/2f/e88967fa7238593d3ca44e838de1110b9b62675157cc85acd84d11a327f1/autopy-4.0.1-cp313-cp313-manylinux_2_17_x86_64.manylinux2014_x86_64.whl", hash = "sha256:a3bf9dd37d2ff92179af7a5ebe59e89c7b0bb4c91bbfb734014255db258685eb", size = 998929 },
    { url = "https://files.pythonhosted.org/packages/3b/69/bb13a73a6cb239b4cc1cef8edb4941a039a2d2548df89f6c954ab7728732/autopy-4.0.1-cp313-cp313-win32.whl", hash = "sha256:ed7b81f63d032d8ec474ffeb0822b2991ccdf8abcd9e328e7a5fc4efba000809", size = 635574 },
    { url = "https://files.pythonhosted.org/packages/b2/25/0054e899dbd0a04ad3ed092b6d0676816f696965f24764c3f240b223f370/autopy-4.0.1-cp313-cp313-win_amd64.whl", hash = "sha256:f039006d0d14a120c1bd8ab919507f1cf2fbd021c83363c892154a74b6c694cf", size = 651305 },
]
